
Microsoft Visual Studio Solution File, Format Version 12.00
# Visual Studio Version 17
VisualStudioVersion = 17.0.31903.59
MinimumVisualStudioVersion = 10.0.40219.1
Project("{2150E333-8FDC-42A3-9474-1A3956D46DE8}") = "botsay", "botsay", "{0D0B5958-C2D4-42AC-8C70-0C21BDC57078}"
EndProject
Project("{9A19103F-16F7-4668-BE54-9A1E7A4F7556}") = "Microsoft.Botsay", "botsay\Microsoft.Botsay\Microsoft.Botsay.csproj", "{80521AAC-AF38-4EAF-9ADB-CD59A171542A}"
EndProject
Project("{9A19103F-16F7-4668-BE54-9A1E7A4F7556}") = "Microsoft.Botsay.IntegrationTests", "botsay\Microsoft.Botsay.IntegrationTests\Microsoft.Botsay.IntegrationTests.csproj", "{A13D5699-90EC-4FC1-AA9D-36D7FDE40EC1}"
EndProject
Project("{9A19103F-16F7-4668-BE54-9A1E7A4F7556}") = "NuGetTestUtils", "common\NuGetTestUtils.csproj", "{5C2F607E-AB1A-4AC2-8805-A7A43F95BB12}"
EndProject
Project("{2150E333-8FDC-42A3-9474-1A3956D46DE8}") = "msbuild", "msbuild", "{AAA34CF0-C3C2-4FA9-972A-B332E62472D9}"
EndProject
Project("{9A19103F-16F7-4668-BE54-9A1E7A4F7556}") = "Echo", "msbuild\Echo\Echo.csproj", "{C931A8F9-6DF6-4AE4-8C22-E68A2F71357F}"
EndProject
Project("{9A19103F-16F7-4668-BE54-9A1E7A4F7556}") = "Echo.IntegrationTests", "msbuild\Echo.IntegrationTests\Echo.IntegrationTests.csproj", "{0543C3DF-34BE-4196-8F46-3B5F2940EC51}"
EndProject
Project("{2150E333-8FDC-42A3-9474-1A3956D46DE8}") = "common", "common", "{0FC5B05C-F751-4DF0-AC8C-1616A0B241D7}"
EndProject
Global
	GlobalSection(SolutionConfigurationPlatforms) = preSolution
		Debug|Any CPU = Debug|Any CPU
		Release|Any CPU = Release|Any CPU
	EndGlobalSection
	GlobalSection(ProjectConfigurationPlatforms) = postSolution
		{80521AAC-AF38-4EAF-9ADB-CD59A171542A}.Debug|Any CPU.ActiveCfg = Debug|Any CPU
		{80521AAC-AF38-4EAF-9ADB-CD59A171542A}.Debug|Any CPU.Build.0 = Debug|Any CPU
		{80521AAC-AF38-4EAF-9ADB-CD59A171542A}.Release|Any CPU.ActiveCfg = Release|Any CPU
		{80521AAC-AF38-4EAF-9ADB-CD59A171542A}.Release|Any CPU.Build.0 = Release|Any CPU
		{A13D5699-90EC-4FC1-AA9D-36D7FDE40EC1}.Debug|Any CPU.ActiveCfg = Debug|Any CPU
		{A13D5699-90EC-4FC1-AA9D-36D7FDE40EC1}.Debug|Any CPU.Build.0 = Debug|Any CPU
		{A13D5699-90EC-4FC1-AA9D-36D7FDE40EC1}.Release|Any CPU.ActiveCfg = Release|Any CPU
		{A13D5699-90EC-4FC1-AA9D-36D7FDE40EC1}.Release|Any CPU.Build.0 = Release|Any CPU
		{5C2F607E-AB1A-4AC2-8805-A7A43F95BB12}.Debug|Any CPU.ActiveCfg = Debug|Any CPU
		{5C2F607E-AB1A-4AC2-8805-A7A43F95BB12}.Debug|Any CPU.Build.0 = Debug|Any CPU
		{5C2F607E-AB1A-4AC2-8805-A7A43F95BB12}.Release|Any CPU.ActiveCfg = Release|Any CPU
		{5C2F607E-AB1A-4AC2-8805-A7A43F95BB12}.Release|Any CPU.Build.0 = Release|Any CPU
		{C931A8F9-6DF6-4AE4-8C22-E68A2F71357F}.Debug|Any CPU.ActiveCfg = Debug|Any CPU
		{C931A8F9-6DF6-4AE4-8C22-E68A2F71357F}.Debug|Any CPU.Build.0 = Debug|Any CPU
		{C931A8F9-6DF6-4AE4-8C22-E68A2F71357F}.Release|Any CPU.ActiveCfg = Release|Any CPU
		{C931A8F9-6DF6-4AE4-8C22-E68A2F71357F}.Release|Any CPU.Build.0 = Release|Any CPU
		{0543C3DF-34BE-4196-8F46-3B5F2940EC51}.Debug|Any CPU.ActiveCfg = Debug|Any CPU
		{0543C3DF-34BE-4196-8F46-3B5F2940EC51}.Debug|Any CPU.Build.0 = Debug|Any CPU
		{0543C3DF-34BE-4196-8F46-3B5F2940EC51}.Release|Any CPU.ActiveCfg = Release|Any CPU
		{0543C3DF-34BE-4196-8F46-3B5F2940EC51}.Release|Any CPU.Build.0 = Release|Any CPU
	EndGlobalSection
	GlobalSection(SolutionProperties) = preSolution
		HideSolutionNode = FALSE
	EndGlobalSection
	GlobalSection(NestedProjects) = preSolution
		{80521AAC-AF38-4EAF-9ADB-CD59A171542A} = {0D0B5958-C2D4-42AC-8C70-0C21BDC57078}
		{A13D5699-90EC-4FC1-AA9D-36D7FDE40EC1} = {0D0B5958-C2D4-42AC-8C70-0C21BDC57078}
		{5C2F607E-AB1A-4AC2-8805-A7A43F95BB12} = {0FC5B05C-F751-4DF0-AC8C-1616A0B241D7}
		{C931A8F9-6DF6-4AE4-8C22-E68A2F71357F} = {AAA34CF0-C3C2-4FA9-972A-B332E62472D9}
		{0543C3DF-34BE-4196-8F46-3B5F2940EC51} = {AAA34CF0-C3C2-4FA9-972A-B332E62472D9}
	EndGlobalSection
EndGlobal
