
Microsoft Visual Studio Solution File, Format Version 12.00
# Visual Studio Version 17
VisualStudioVersion = 17.0.31903.59
MinimumVisualStudioVersion = 10.0.40219.1
Project("{FAE04EC0-301F-11D3-BF4B-00C04F79EFBC}") = "Echo", "Echo\Echo.csproj", "{EE0011D2-33BA-46DA-894C-19336C9459A9}"
EndProject
Project("{FAE04EC0-301F-11D3-BF4B-00C04F79EFBC}") = "Echo.IntegrationTests", "Echo.IntegrationTests\Echo.IntegrationTests.csproj", "{75E9ECBB-ABA7-4B20-9001-95879A77918C}"
EndProject
Project("{FAE04EC0-301F-11D3-BF4B-00C04F79EFBC}") = "NuGetTestUtils", "..\common\NuGetTestUtils.csproj", "{EBBB3437-66E8-41E5-A391-61FB7437C4EE}"
EndProject
Global
	GlobalSection(SolutionConfigurationPlatforms) = preSolution
		Debug|Any CPU = Debug|Any CPU
		Release|Any CPU = Release|Any CPU
	EndGlobalSection
	GlobalSection(SolutionProperties) = preSolution
		HideSolutionNode = FALSE
	EndGlobalSection
	GlobalSection(ProjectConfigurationPlatforms) = postSolution
		{EE0011D2-33BA-46DA-894C-19336C9459A9}.Debug|Any CPU.ActiveCfg = Debug|Any CPU
		{EE0011D2-33BA-46DA-894C-19336C9459A9}.Debug|Any CPU.Build.0 = Debug|Any CPU
		{EE0011D2-33BA-46DA-894C-19336C9459A9}.Release|Any CPU.ActiveCfg = Release|Any CPU
		{EE0011D2-33BA-46DA-894C-19336C9459A9}.Release|Any CPU.Build.0 = Release|Any CPU
		{75E9ECBB-ABA7-4B20-9001-95879A77918C}.Debug|Any CPU.ActiveCfg = Debug|Any CPU
		{75E9ECBB-ABA7-4B20-9001-95879A77918C}.Debug|Any CPU.Build.0 = Debug|Any CPU
		{75E9ECBB-ABA7-4B20-9001-95879A77918C}.Release|Any CPU.ActiveCfg = Release|Any CPU
		{75E9ECBB-ABA7-4B20-9001-95879A77918C}.Release|Any CPU.Build.0 = Release|Any CPU
		{EBBB3437-66E8-41E5-A391-61FB7437C4EE}.Debug|Any CPU.ActiveCfg = Debug|Any CPU
		{EBBB3437-66E8-41E5-A391-61FB7437C4EE}.Debug|Any CPU.Build.0 = Debug|Any CPU
		{EBBB3437-66E8-41E5-A391-61FB7437C4EE}.Release|Any CPU.ActiveCfg = Release|Any CPU
		{EBBB3437-66E8-41E5-A391-61FB7437C4EE}.Release|Any CPU.Build.0 = Release|Any CPU
	EndGlobalSection
EndGlobal
